lockfileVersion: '9.0'

settings:
  autoInstallPeers: true
  excludeLinksFromLockfile: false

importers:

  .:
    devDependencies:
      '@decimalturn/toml-patch':
        specifier: ^2.0.0
        version: 2.0.0
      '@iarna/toml':
        specifier: 3.0.0
        version: 3.0.0
      '@ltd/j-toml':
        specifier: ^1.38.0
        version: 1.38.0
      '@std/toml':
        specifier: jsr:^1.0.11
        version: '@jsr/std__toml@1.0.11'
      fast-toml:
        specifier: ^0.5.4
        version: 0.5.4
      js-toml:
        specifier: ^1.1.2
        version: 1.1.2
      toml:
        specifier: ^4.1.1
        version: 4.1.1

packages:

  '@babel/runtime-corejs3@7.29.7':
    resolution: {integrity: sha512-ppj9ouYku+RX0ljtgZd+KMO5mkM2bCqg8H2PYAFWnLsHEIKIdRojqbJ2i3eVHrisuxy7nOFCmngTDdWtUCdXUQ==}
    engines: {node: '>=6.9.0'}

  '@chevrotain/cst-dts-gen@12.0.0':
    resolution: {integrity: sha512-fSL4KXjTl7cDgf0B5Rip9Q05BOrYvkJV/RrBTE/bKDN096E4hN/ySpcBK5B24T76dlQ2i32Zc3PAE27jFnFrKg==}

  '@chevrotain/gast@12.0.0':
    resolution: {integrity: sha512-1ne/m3XsIT8aEdrvT33so0GUC+wkctpUPK6zU9IlOyJLUbR0rg4G7ZiApiJbggpgPir9ERy3FRjT6T7lpgetnQ==}

  '@chevrotain/regexp-to-ast@12.0.0':
    resolution: {integrity: sha512-p+EW9MaJwgaHguhoqwOtx/FwuGr+DnNn857sXWOi/mClXIkPGl3rn7hGNWvo31HA3vyeQxjqe+H36yZJwYU8cA==}

  '@chevrotain/types@12.0.0':
    resolution: {integrity: sha512-S+04vjFQKeuYw0/eW3U52LkAHQsB1ASxsPGsLPUyQgrZ2iNNibQrsidruDzjEX2JYfespXMG0eZmXlhA6z7nWA==}

  '@chevrotain/utils@12.0.0':
    resolution: {integrity: sha512-lB59uJoaGIfOOL9knQqQRfhl9g7x8/wqFkp13zTdkRu1huG9kg6IJs1O8hqj9rs6h7orGxHJUKb+mX3rPbWGhA==}

  '@decimalturn/toml-patch@2.0.0':
    resolution: {integrity: sha512-nVU9bcndpePHaDalbqA3Rbx/46onD9fcKgUI5dUsvbIpFMYXp/78ScUwdFUCXjcjN9DD+pNitTfDiwJJTPb4ig==}
    engines: {node: '>=14'}

  '@iarna/toml@3.0.0':
    resolution: {integrity: sha512-td6ZUkz2oS3VeleBcN+m//Q6HlCFCPrnI0FZhrt/h4XqLEdOyYp2u21nd8MdsR+WJy5r9PTDaHTDDfhf4H4l6Q==}

  '@jsr/std__collections@1.2.0':
    resolution: {integrity: sha512-R58weKPNZ3sFOo9pRAhasq0m0aIVEJau4/bid0VFWp9hoQZ07qpa1vtDLFWNrQK96ZJS0ql6IuOHVrXXsHOE/w==, tarball: https://npm.jsr.io/~/11/@jsr/std__collections/1.2.0.tgz}

  '@jsr/std__toml@1.0.11':
    resolution: {integrity: sha512-+LZAizoPAPwMDmRZr86/xPrbO8E0Oq0BJ70mr1fNMobJ/6X6v15Jk16ZClFGukWgzBMd8ggiMWnzp24+N3VNZg==, tarball: https://npm.jsr.io/~/11/@jsr/std__toml/1.0.11.tgz}

  '@ltd/j-toml@1.38.0':
    resolution: {integrity: sha512-lYtBcmvHustHQtg4X7TXUu1Xa/tbLC3p2wLvgQI+fWVySguVZJF60Snxijw5EiohumxZbR10kWYFFebh1zotiw==}

  chevrotain@12.0.0:
    resolution: {integrity: sha512-csJvb+6kEiQaqo1woTdSAuOWdN0WTLIydkKrBnS+V5gZz0oqBrp4kQ35519QgK6TpBThiG3V1vNSHlIkv4AglQ==}
    engines: {node: '>=22.0.0'}

  core-js-pure@3.49.0:
    resolution: {integrity: sha512-XM4RFka59xATyJv/cS3O3Kml72hQXUeGRuuTmMYFxwzc9/7C8OYTaIR/Ji+Yt8DXzsFLNhat15cE/JP15HrCgw==}

  fast-toml@0.5.4:
    resolution: {integrity: sha512-nUX94P84wE3gcem12g4FAH3xV7BmcCoV8FXcFVV+NIQAOwRJnyqVKhdGd9DqI4CunW+wOZhVBGKI6Jut/OlLTw==}

  js-toml@1.1.2:
    resolution: {integrity: sha512-noryT8sUWOuqWKfU5mNWZXBp5PUS9rkz6w3/EQcptJZBTVhgBD8j5/u6x+HWrWxoNn9hUYmuy8GYyT4NdvOHRg==}

  toml@4.1.1:
    resolution: {integrity: sha512-EBJnVBr3dTXdA89WVFoAIPUqkBjxPMwRqsfuo1r240tKFHXv3zgca4+NJib/h6TyvGF7vOawz0jGuryJCdNHrw==}
    engines: {node: '>=20'}

  xregexp@5.1.2:
    resolution: {integrity: sha512-6hGgEMCGhqCTFEJbqmWrNIPqfpdirdGWkqshu7fFZddmTSfgv5Sn9D2SaKloR79s5VUiUlpwzg3CM3G6D3VIlw==}

snapshots:

  '@babel/runtime-corejs3@7.29.7':
    dependencies:
      core-js-pure: 3.49.0

  '@chevrotain/cst-dts-gen@12.0.0':
    dependencies:
      '@chevrotain/gast': 12.0.0
      '@chevrotain/types': 12.0.0

  '@chevrotain/gast@12.0.0':
    dependencies:
      '@chevrotain/types': 12.0.0

  '@chevrotain/regexp-to-ast@12.0.0': {}

  '@chevrotain/types@12.0.0': {}

  '@chevrotain/utils@12.0.0': {}

  '@decimalturn/toml-patch@2.0.0': {}

  '@iarna/toml@3.0.0': {}

  '@jsr/std__collections@1.2.0': {}

  '@jsr/std__toml@1.0.11':
    dependencies:
      '@jsr/std__collections': 1.2.0

  '@ltd/j-toml@1.38.0': {}

  chevrotain@12.0.0:
    dependencies:
      '@chevrotain/cst-dts-gen': 12.0.0
      '@chevrotain/gast': 12.0.0
      '@chevrotain/regexp-to-ast': 12.0.0
      '@chevrotain/types': 12.0.0
      '@chevrotain/utils': 12.0.0

  core-js-pure@3.49.0: {}

  fast-toml@0.5.4: {}

  js-toml@1.1.2:
    dependencies:
      chevrotain: 12.0.0
      xregexp: 5.1.2

  toml@4.1.1: {}

  xregexp@5.1.2:
    dependencies:
      '@babel/runtime-corejs3': 7.29.7
